
Microsoft Visual Studio Solution File, Format Version 12.00
# Visual Studio Version 17
VisualStudioVersion = 17.13.35818.85
MinimumVisualStudioVersion = 10.0.40219.1
Project("{FAE04EC0-301F-11D3-BF4B-00C04F79EFBC}") = "WindowsFormsApp1", "WindowsFormsApp1.csproj", "{A55E66C0-AA62-4AB6-B654-736DA780C4BC}"
EndProject
Project("{FAE04EC0-301F-11D3-BF4B-00C04F79EFBC}") = "MyLib", "..\MyLib\MyLib.csproj", "{64EF28FF-602C-407B-9E97-48A114F3D1AB}"
EndProject
Global
	GlobalSection(SolutionConfigurationPlatforms) = preSolution
		Debug|Any CPU = Debug|Any CPU
		Release|Any CPU = Release|Any CPU
	EndGlobalSection
	GlobalSection(ProjectConfigurationPlatforms) = postSolution
		{A55E66C0-AA62-4AB6-B654-736DA780C4BC}.Debug|Any CPU.ActiveCfg = Debug|Any CPU
		{A55E66C0-AA62-4AB6-B654-736DA780C4BC}.Debug|Any CPU.Build.0 = Debug|Any CPU
		{A55E66C0-AA62-4AB6-B654-736DA780C4BC}.Release|Any CPU.ActiveCfg = Release|Any CPU
		{A55E66C0-AA62-4AB6-B654-736DA780C4BC}.Release|Any CPU.Build.0 = Release|Any CPU
		{64EF28FF-602C-407B-9E97-48A114F3D1AB}.Debug|Any CPU.ActiveCfg = Debug|Any CPU
		{64EF28FF-602C-407B-9E97-48A114F3D1AB}.Debug|Any CPU.Build.0 = Debug|Any CPU
		{64EF28FF-602C-407B-9E97-48A114F3D1AB}.Release|Any CPU.ActiveCfg = Release|Any CPU
		{64EF28FF-602C-407B-9E97-48A114F3D1AB}.Release|Any CPU.Build.0 = Release|Any CPU
	EndGlobalSection
	GlobalSection(SolutionProperties) = preSolution
		HideSolutionNode = FALSE
	EndGlobalSection
	GlobalSection(ExtensibilityGlobals) = postSolution
		SolutionGuid = {39793B6C-3B3B-476F-A8C7-45D06BD374CD}
	EndGlobalSection
EndGlobal
