
Microsoft Visual Studio Solution File, Format Version 12.00
# Visual Studio Version 17
VisualStudioVersion = 17.13.35818.85 d17.13
MinimumVisualStudioVersion = 10.0.40219.1
Project("{FAE04EC0-301F-11D3-BF4B-00C04F79EFBC}") = "WindowsFormsApp3", "WindowsFormsApp3.csproj", "{E8038F31-D654-4D84-BF9A-2D89714E49D8}"
EndProject
Project("{FAE04EC0-301F-11D3-BF4B-00C04F79EFBC}") = "TestProject1", "..\TestProject1\TestProject1.csproj", "{C6428578-75A0-4933-B817-67B613D36483}"
EndProject
Project("{FAE04EC0-301F-11D3-BF4B-00C04F79EFBC}") = "ClassLibrary1", "..\ClassLibrary1\ClassLibrary1.csproj", "{56FA9D07-2814-4014-9E7C-70CBF135553D}"
EndProject
Global
	GlobalSection(SolutionConfigurationPlatforms) = preSolution
		Debug|Any CPU = Debug|Any CPU
		Release|Any CPU = Release|Any CPU
	EndGlobalSection
	GlobalSection(ProjectConfigurationPlatforms) = postSolution
		{E8038F31-D654-4D84-BF9A-2D89714E49D8}.Debug|Any CPU.ActiveCfg = Debug|Any CPU
		{E8038F31-D654-4D84-BF9A-2D89714E49D8}.Debug|Any CPU.Build.0 = Debug|Any CPU
		{E8038F31-D654-4D84-BF9A-2D89714E49D8}.Release|Any CPU.ActiveCfg = Release|Any CPU
		{E8038F31-D654-4D84-BF9A-2D89714E49D8}.Release|Any CPU.Build.0 = Release|Any CPU
		{C6428578-75A0-4933-B817-67B613D36483}.Debug|Any CPU.ActiveCfg = Debug|Any CPU
		{C6428578-75A0-4933-B817-67B613D36483}.Debug|Any CPU.Build.0 = Debug|Any CPU
		{C6428578-75A0-4933-B817-67B613D36483}.Release|Any CPU.ActiveCfg = Release|Any CPU
		{C6428578-75A0-4933-B817-67B613D36483}.Release|Any CPU.Build.0 = Release|Any CPU
		{56FA9D07-2814-4014-9E7C-70CBF135553D}.Debug|Any CPU.ActiveCfg = Debug|Any CPU
		{56FA9D07-2814-4014-9E7C-70CBF135553D}.Debug|Any CPU.Build.0 = Debug|Any CPU
		{56FA9D07-2814-4014-9E7C-70CBF135553D}.Release|Any CPU.ActiveCfg = Release|Any CPU
		{56FA9D07-2814-4014-9E7C-70CBF135553D}.Release|Any CPU.Build.0 = Release|Any CPU
	EndGlobalSection
	GlobalSection(SolutionProperties) = preSolution
		HideSolutionNode = FALSE
	EndGlobalSection
	GlobalSection(ExtensibilityGlobals) = postSolution
		SolutionGuid = {13B799E2-58A4-4BFA-ACED-1CC1235EEF67}
	EndGlobalSection
EndGlobal
