
Microsoft Visual Studio Solution File, Format Version 12.00
# Visual Studio Version 17
VisualStudioVersion = 17.6.33829.357
MinimumVisualStudioVersion = 10.0.40219.1
Project("{FAE04EC0-301F-11D3-BF4B-00C04F79EFBC}") = "LABA2.0", "LABA2.0.csproj", "{95E3FF55-6D3C-40D3-A656-6E78AF64FEF2}"
EndProject
Global
	GlobalSection(SolutionConfigurationPlatforms) = preSolution
		Debug|Any CPU = Debug|Any CPU
		Release|Any CPU = Release|Any CPU
	EndGlobalSection
	GlobalSection(ProjectConfigurationPlatforms) = postSolution
		{95E3FF55-6D3C-40D3-A656-6E78AF64FEF2}.Debug|Any CPU.ActiveCfg = Debug|Any CPU
		{95E3FF55-6D3C-40D3-A656-6E78AF64FEF2}.Debug|Any CPU.Build.0 = Debug|Any CPU
		{95E3FF55-6D3C-40D3-A656-6E78AF64FEF2}.Release|Any CPU.ActiveCfg = Release|Any CPU
		{95E3FF55-6D3C-40D3-A656-6E78AF64FEF2}.Release|Any CPU.Build.0 = Release|Any CPU
	EndGlobalSection
	GlobalSection(SolutionProperties) = preSolution
		HideSolutionNode = FALSE
	EndGlobalSection
	GlobalSection(ExtensibilityGlobals) = postSolution
		SolutionGuid = {A929DA5A-0BEA-4CC4-9A72-FCDB01A88340}
	EndGlobalSection
EndGlobal
